
Microsoft Visual Studio Solution File, Format Version 12.00
# Visual Studio Version 16
VisualStudioVersion = 16.0.29020.237
MinimumVisualStudioVersion = 10.0.40219.1
Project("{FAE04EC0-301F-11D3-BF4B-00C04F79EFBC}") = "SharpTask", "SharpTask\SharpTask.csproj", "{13E90A4D-BF7A-4D5A-9979-8B113E3166BE}"
EndProject
Global
	GlobalSection(SolutionConfigurationPlatforms) = preSolution
		Debug|Any CPU = Debug|Any CPU
		Release|Any CPU = Release|Any CPU
	EndGlobalSection
	GlobalSection(ProjectConfigurationPlatforms) = postSolution
		{13E90A4D-BF7A-4D5A-9979-8B113E3166BE}.Debug|Any CPU.ActiveCfg = Debug|Any CPU
		{13E90A4D-BF7A-4D5A-9979-8B113E3166BE}.Debug|Any CPU.Build.0 = Debug|Any CPU
		{13E90A4D-BF7A-4D5A-9979-8B113E3166BE}.Release|Any CPU.ActiveCfg = Release|Any CPU
		{13E90A4D-BF7A-4D5A-9979-8B113E3166BE}.Release|Any CPU.Build.0 = Release|Any CPU
	EndGlobalSection
	GlobalSection(SolutionProperties) = preSolution
		HideSolutionNode = FALSE
	EndGlobalSection
	GlobalSection(ExtensibilityGlobals) = postSolution
		SolutionGuid = {B6FB3C40-FD2E-4431-A9F6-1D334722D046}
	EndGlobalSection
EndGlobal
